
Microsoft Visual Studio Solution File, Format Version 12.00
# Visual Studio Version 17
VisualStudioVersion = 17.11.35327.3
MinimumVisualStudioVersion = 10.0.40219.1
Project("{FAE04EC0-301F-11D3-BF4B-00C04F79EFBC}") = "LibraryASP", "LibraryASP\LibraryASP.csproj", "{A81F5C99-E3B2-40B9-8E2D-4BEEEB31DA51}"
EndProject
Project("{FAE04EC0-301F-11D3-BF4B-00C04F79EFBC}") = "LibraryAPI", "LibraryAPI\LibraryAPI.csproj", "{270B0FAC-006A-4B1D-A88A-C7FFE7DF0E9C}"
EndProject
Global
	GlobalSection(SolutionConfigurationPlatforms) = preSolution
		Debug|Any CPU = Debug|Any CPU
		Release|Any CPU = Release|Any CPU
	EndGlobalSection
	GlobalSection(ProjectConfigurationPlatforms) = postSolution
		{A81F5C99-E3B2-40B9-8E2D-4BEEEB31DA51}.Debug|Any CPU.ActiveCfg = Debug|Any CPU
		{A81F5C99-E3B2-40B9-8E2D-4BEEEB31DA51}.Debug|Any CPU.Build.0 = Debug|Any CPU
		{A81F5C99-E3B2-40B9-8E2D-4BEEEB31DA51}.Release|Any CPU.ActiveCfg = Release|Any CPU
		{A81F5C99-E3B2-40B9-8E2D-4BEEEB31DA51}.Release|Any CPU.Build.0 = Release|Any CPU
		{270B0FAC-006A-4B1D-A88A-C7FFE7DF0E9C}.Debug|Any CPU.ActiveCfg = Debug|Any CPU
		{270B0FAC-006A-4B1D-A88A-C7FFE7DF0E9C}.Debug|Any CPU.Build.0 = Debug|Any CPU
		{270B0FAC-006A-4B1D-A88A-C7FFE7DF0E9C}.Release|Any CPU.ActiveCfg = Release|Any CPU
		{270B0FAC-006A-4B1D-A88A-C7FFE7DF0E9C}.Release|Any CPU.Build.0 = Release|Any CPU
	EndGlobalSection
	GlobalSection(SolutionProperties) = preSolution
		HideSolutionNode = FALSE
	EndGlobalSection
	GlobalSection(ExtensibilityGlobals) = postSolution
		SolutionGuid = {7138B0A8-DB5B-431F-A0FA-28E2E8141BBE}
	EndGlobalSection
EndGlobal
